
Microsoft Visual Studio Solution File, Format Version 12.00
# Visual Studio Version 17
VisualStudioVersion = 17.10.35013.160
MinimumVisualStudioVersion = 10.0.40219.1
Project("{FAE04EC0-301F-11D3-BF4B-00C04F79EFBC}") = "ConsoleApp1", "ConsoleApp1\ConsoleApp1.csproj", "{30F1649E-F5A5-49A5-93CE-56A57FEDB195}"
EndProject
Global
	GlobalSection(SolutionConfigurationPlatforms) = preSolution
		Debug|Any CPU = Debug|Any CPU
		Release|Any CPU = Release|Any CPU
	EndGlobalSection
	GlobalSection(ProjectConfigurationPlatforms) = postSolution
		{30F1649E-F5A5-49A5-93CE-56A57FEDB195}.Debug|Any CPU.ActiveCfg = Debug|Any CPU
		{30F1649E-F5A5-49A5-93CE-56A57FEDB195}.Debug|Any CPU.Build.0 = Debug|Any CPU
		{30F1649E-F5A5-49A5-93CE-56A57FEDB195}.Release|Any CPU.ActiveCfg = Release|Any CPU
		{30F1649E-F5A5-49A5-93CE-56A57FEDB195}.Release|Any CPU.Build.0 = Release|Any CPU
	EndGlobalSection
	GlobalSection(SolutionProperties) = preSolution
		HideSolutionNode = FALSE
	EndGlobalSection
	GlobalSection(ExtensibilityGlobals) = postSolution
		SolutionGuid = {1A6A4F8D-45EE-416F-875E-4A571436F705}
	EndGlobalSection
EndGlobal
